
Microsoft Visual Studio Solution File, Format Version 12.00
# Visual Studio Version 16
VisualStudioVersion = 16.0.29613.14
MinimumVisualStudioVersion = 10.0.40219.1
Project("{9A19103F-16F7-4668-BE54-9A1E7A4F7556}") = "ReversibleLogicSynthesis", "ReversibleLogicSynthesis.csproj", "{468B43F3-1D66-4C1A-943F-F41868D185EF}"
EndProject
Global
	GlobalSection(SolutionConfigurationPlatforms) = preSolution
		Debug|Any CPU = Debug|Any CPU
		Release|Any CPU = Release|Any CPU
	EndGlobalSection
	GlobalSection(ProjectConfigurationPlatforms) = postSolution
		{468B43F3-1D66-4C1A-943F-F41868D185EF}.Debug|Any CPU.ActiveCfg = Debug|Any CPU
		{468B43F3-1D66-4C1A-943F-F41868D185EF}.Debug|Any CPU.Build.0 = Debug|Any CPU
		{468B43F3-1D66-4C1A-943F-F41868D185EF}.Release|Any CPU.ActiveCfg = Release|Any CPU
		{468B43F3-1D66-4C1A-943F-F41868D185EF}.Release|Any CPU.Build.0 = Release|Any CPU
	EndGlobalSection
	GlobalSection(SolutionProperties) = preSolution
		HideSolutionNode = FALSE
	EndGlobalSection
	GlobalSection(ExtensibilityGlobals) = postSolution
		SolutionGuid = {6D205298-DBFD-4216-98FA-7D0C32BD5646}
	EndGlobalSection
EndGlobal
