
Microsoft Visual Studio Solution File, Format Version 12.00
# Visual Studio Version 16
VisualStudioVersion = 16.0.29102.190
MinimumVisualStudioVersion = 10.0.40219.1
Project("{9A19103F-16F7-4668-BE54-9A1E7A4F7556}") = "RippleCarryAdder", "RippleCarryAdder.csproj", "{6CE3F3C4-4681-41C8-BB14-964B21BA287E}"
EndProject
Project("{9A19103F-16F7-4668-BE54-9A1E7A4F7556}") = "Common", "..\utilities\Common\Common.csproj", "{146E58EC-CED9-4904-A4CE-2F7B70BD05BE}"
EndProject
Global
	GlobalSection(SolutionConfigurationPlatforms) = preSolution
		Debug|Any CPU = Debug|Any CPU
		Release|Any CPU = Release|Any CPU
	EndGlobalSection
	GlobalSection(ProjectConfigurationPlatforms) = postSolution
		{6CE3F3C4-4681-41C8-BB14-964B21BA287E}.Debug|Any CPU.ActiveCfg = Debug|Any CPU
		{6CE3F3C4-4681-41C8-BB14-964B21BA287E}.Debug|Any CPU.Build.0 = Debug|Any CPU
		{6CE3F3C4-4681-41C8-BB14-964B21BA287E}.Release|Any CPU.ActiveCfg = Release|Any CPU
		{6CE3F3C4-4681-41C8-BB14-964B21BA287E}.Release|Any CPU.Build.0 = Release|Any CPU
		{146E58EC-CED9-4904-A4CE-2F7B70BD05BE}.Debug|Any CPU.ActiveCfg = Debug|Any CPU
		{146E58EC-CED9-4904-A4CE-2F7B70BD05BE}.Debug|Any CPU.Build.0 = Debug|Any CPU
		{146E58EC-CED9-4904-A4CE-2F7B70BD05BE}.Release|Any CPU.ActiveCfg = Release|Any CPU
		{146E58EC-CED9-4904-A4CE-2F7B70BD05BE}.Release|Any CPU.Build.0 = Release|Any CPU
	EndGlobalSection
	GlobalSection(SolutionProperties) = preSolution
		HideSolutionNode = FALSE
	EndGlobalSection
	GlobalSection(ExtensibilityGlobals) = postSolution
		SolutionGuid = {41D1C147-2E2C-4C7C-B37D-13E80C93A0D5}
	EndGlobalSection
EndGlobal
