
Microsoft Visual Studio Solution File, Format Version 12.00
# Visual Studio 15
VisualStudioVersion = 15.0.28307.438
MinimumVisualStudioVersion = 10.0.40219.1
Project("{9A19103F-16F7-4668-BE54-9A1E7A4F7556}") = "HiddenShift", "HiddenShift.csproj", "{20F82642-A1E2-4159-AFC2-848AD4F4C801}"
EndProject
Global
	GlobalSection(SolutionConfigurationPlatforms) = preSolution
		Debug|Any CPU = Debug|Any CPU
		Release|Any CPU = Release|Any CPU
	EndGlobalSection
	GlobalSection(ProjectConfigurationPlatforms) = postSolution
		{20F82642-A1E2-4159-AFC2-848AD4F4C801}.Debug|Any CPU.ActiveCfg = Debug|Any CPU
		{20F82642-A1E2-4159-AFC2-848AD4F4C801}.Debug|Any CPU.Build.0 = Debug|Any CPU
		{20F82642-A1E2-4159-AFC2-848AD4F4C801}.Release|Any CPU.ActiveCfg = Release|Any CPU
		{20F82642-A1E2-4159-AFC2-848AD4F4C801}.Release|Any CPU.Build.0 = Release|Any CPU
	EndGlobalSection
	GlobalSection(SolutionProperties) = preSolution
		HideSolutionNode = FALSE
	EndGlobalSection
	GlobalSection(ExtensibilityGlobals) = postSolution
		SolutionGuid = {49B39155-036B-4F43-9DE6-95DA9A5FC8CE}
	EndGlobalSection
EndGlobal
