
Microsoft Visual Studio Solution File, Format Version 12.00
# Visual Studio Version 16
VisualStudioVersion = 16.0.32002.261
MinimumVisualStudioVersion = 10.0.40219.1
Project("{9A19103F-16F7-4668-BE54-9A1E7A4F7556}") = "MultiQubitSystemMeasurements", "MultiQubitSystemMeasurements.csproj", "{4B6FFEA0-E257-4567-8FD8-26C79E7B7B55}"
EndProject
Global
	GlobalSection(SolutionConfigurationPlatforms) = preSolution
		Debug|Any CPU = Debug|Any CPU
		Release|Any CPU = Release|Any CPU
	EndGlobalSection
	GlobalSection(ProjectConfigurationPlatforms) = postSolution
		{4B6FFEA0-E257-4567-8FD8-26C79E7B7B55}.Debug|Any CPU.ActiveCfg = Debug|Any CPU
		{4B6FFEA0-E257-4567-8FD8-26C79E7B7B55}.Debug|Any CPU.Build.0 = Debug|Any CPU
		{4B6FFEA0-E257-4567-8FD8-26C79E7B7B55}.Release|Any CPU.ActiveCfg = Release|Any CPU
		{4B6FFEA0-E257-4567-8FD8-26C79E7B7B55}.Release|Any CPU.Build.0 = Release|Any CPU
	EndGlobalSection
	GlobalSection(SolutionProperties) = preSolution
		HideSolutionNode = FALSE
	EndGlobalSection
	GlobalSection(ExtensibilityGlobals) = postSolution
		SolutionGuid = {5B7089BA-08A6-44AB-BA1A-CA00B0185CB4}
	EndGlobalSection
EndGlobal
