
Microsoft Visual Studio Solution File, Format Version 12.00
# Visual Studio Version 16
VisualStudioVersion = 16.0.30621.155
MinimumVisualStudioVersion = 10.0.40219.1
Project("{9A19103F-16F7-4668-BE54-9A1E7A4F7556}") = "SingleQubitSystemMeasurements", "SingleQubitSystemMeasurements.csproj", "{003B29F4-1347-4C48-BC9F-FE8DB21EC9D8}"
EndProject
Global
	GlobalSection(SolutionConfigurationPlatforms) = preSolution
		Debug|Any CPU = Debug|Any CPU
		Release|Any CPU = Release|Any CPU
	EndGlobalSection
	GlobalSection(ProjectConfigurationPlatforms) = postSolution
		{003B29F4-1347-4C48-BC9F-FE8DB21EC9D8}.Debug|Any CPU.ActiveCfg = Debug|Any CPU
		{003B29F4-1347-4C48-BC9F-FE8DB21EC9D8}.Debug|Any CPU.Build.0 = Debug|Any CPU
		{003B29F4-1347-4C48-BC9F-FE8DB21EC9D8}.Release|Any CPU.ActiveCfg = Release|Any CPU
		{003B29F4-1347-4C48-BC9F-FE8DB21EC9D8}.Release|Any CPU.Build.0 = Release|Any CPU
	EndGlobalSection
	GlobalSection(SolutionProperties) = preSolution
		HideSolutionNode = FALSE
	EndGlobalSection
	GlobalSection(ExtensibilityGlobals) = postSolution
		SolutionGuid = {A7683A15-2651-449A-84B2-50D03BA2686B}
	EndGlobalSection
EndGlobal
