
Microsoft Visual Studio Solution File, Format Version 12.00
# Visual Studio Version 16
VisualStudioVersion = 16.0.29926.136
MinimumVisualStudioVersion = 10.0.40219.1
Project("{9A19103F-16F7-4668-BE54-9A1E7A4F7556}") = "QuantumClassification", "QuantumClassification.csproj", "{CE4AF4CD-90E4-44BC-9249-C61A94CAB82F}"
EndProject
Global
	GlobalSection(SolutionConfigurationPlatforms) = preSolution
		Debug|Any CPU = Debug|Any CPU
		Release|Any CPU = Release|Any CPU
	EndGlobalSection
	GlobalSection(ProjectConfigurationPlatforms) = postSolution
		{CE4AF4CD-90E4-44BC-9249-C61A94CAB82F}.Debug|Any CPU.ActiveCfg = Debug|Any CPU
		{CE4AF4CD-90E4-44BC-9249-C61A94CAB82F}.Debug|Any CPU.Build.0 = Debug|Any CPU
		{CE4AF4CD-90E4-44BC-9249-C61A94CAB82F}.Release|Any CPU.ActiveCfg = Release|Any CPU
		{CE4AF4CD-90E4-44BC-9249-C61A94CAB82F}.Release|Any CPU.Build.0 = Release|Any CPU
	EndGlobalSection
	GlobalSection(SolutionProperties) = preSolution
		HideSolutionNode = FALSE
	EndGlobalSection
	GlobalSection(ExtensibilityGlobals) = postSolution
		SolutionGuid = {C4690DA8-FF82-4976-8313-E36BA750B1EB}
	EndGlobalSection
EndGlobal
