
Microsoft Visual Studio Solution File, Format Version 12.00
# Visual Studio Version 16
VisualStudioVersion = 16.0.29306.81
MinimumVisualStudioVersion = 10.0.40219.1
Project("{9A19103F-16F7-4668-BE54-9A1E7A4F7556}") = "SingleQubitGates", "SingleQubitGates.csproj", "{D00121A5-6A8E-474B-A0CA-BC01C4488F43}"
EndProject
Global
	GlobalSection(SolutionConfigurationPlatforms) = preSolution
		Debug|Any CPU = Debug|Any CPU
		Release|Any CPU = Release|Any CPU
	EndGlobalSection
	GlobalSection(ProjectConfigurationPlatforms) = postSolution
		{D00121A5-6A8E-474B-A0CA-BC01C4488F43}.Debug|Any CPU.ActiveCfg = Debug|Any CPU
		{D00121A5-6A8E-474B-A0CA-BC01C4488F43}.Debug|Any CPU.Build.0 = Debug|Any CPU
		{D00121A5-6A8E-474B-A0CA-BC01C4488F43}.Release|Any CPU.ActiveCfg = Release|Any CPU
		{D00121A5-6A8E-474B-A0CA-BC01C4488F43}.Release|Any CPU.Build.0 = Release|Any CPU
	EndGlobalSection
	GlobalSection(SolutionProperties) = preSolution
		HideSolutionNode = FALSE
	EndGlobalSection
	GlobalSection(ExtensibilityGlobals) = postSolution
		SolutionGuid = {E500D02C-E57E-4624-A303-D368FB4A259F}
	EndGlobalSection
EndGlobal
