
Microsoft Visual Studio Solution File, Format Version 12.00
# Visual Studio Version 16
VisualStudioVersion = 16.0.31729.503
MinimumVisualStudioVersion = 10.0.40219.1
Project("{9A19103F-16F7-4668-BE54-9A1E7A4F7556}") = "Common", "Common.csproj", "{311B1E83-9C66-4945-A640-B63CE5605B5C}"
EndProject
Project("{FAE04EC0-301F-11D3-BF4B-00C04F79EFBC}") = "CounterSimulatorTests", "..\CounterSimulatorTests\CounterSimulatorTests.csproj", "{69529531-90E3-4957-A405-B029CA468FA4}"
EndProject
Global
	GlobalSection(SolutionConfigurationPlatforms) = preSolution
		Debug|Any CPU = Debug|Any CPU
		Release|Any CPU = Release|Any CPU
	EndGlobalSection
	GlobalSection(ProjectConfigurationPlatforms) = postSolution
		{311B1E83-9C66-4945-A640-B63CE5605B5C}.Debug|Any CPU.ActiveCfg = Debug|Any CPU
		{311B1E83-9C66-4945-A640-B63CE5605B5C}.Debug|Any CPU.Build.0 = Debug|Any CPU
		{311B1E83-9C66-4945-A640-B63CE5605B5C}.Release|Any CPU.ActiveCfg = Release|Any CPU
		{311B1E83-9C66-4945-A640-B63CE5605B5C}.Release|Any CPU.Build.0 = Release|Any CPU
		{69529531-90E3-4957-A405-B029CA468FA4}.Debug|Any CPU.ActiveCfg = Debug|Any CPU
		{69529531-90E3-4957-A405-B029CA468FA4}.Debug|Any CPU.Build.0 = Debug|Any CPU
		{69529531-90E3-4957-A405-B029CA468FA4}.Release|Any CPU.ActiveCfg = Release|Any CPU
		{69529531-90E3-4957-A405-B029CA468FA4}.Release|Any CPU.Build.0 = Release|Any CPU
	EndGlobalSection
	GlobalSection(SolutionProperties) = preSolution
		HideSolutionNode = FALSE
	EndGlobalSection
	GlobalSection(ExtensibilityGlobals) = postSolution
		SolutionGuid = {062F15A0-FBEA-4E26-942F-F075AC31209A}
	EndGlobalSection
EndGlobal
