
Microsoft Visual Studio Solution File, Format Version 12.00
# Visual Studio 15
VisualStudioVersion = 15.0.27428.2043
MinimumVisualStudioVersion = 10.0.40219.1
Project("{FAE04EC0-301F-11D3-BF4B-00C04F79EFBC}") = "SuperdenseCoding", "SuperdenseCoding.csproj", "{66D2BB70-C6A1-429E-AD4B-F869589FF3DB}"
EndProject
Global
	GlobalSection(SolutionConfigurationPlatforms) = preSolution
		Debug|Any CPU = Debug|Any CPU
		Release|Any CPU = Release|Any CPU
	EndGlobalSection
	GlobalSection(ProjectConfigurationPlatforms) = postSolution
		{66D2BB70-C6A1-429E-AD4B-F869589FF3DB}.Debug|Any CPU.ActiveCfg = Debug|Any CPU
		{66D2BB70-C6A1-429E-AD4B-F869589FF3DB}.Debug|Any CPU.Build.0 = Debug|Any CPU
		{66D2BB70-C6A1-429E-AD4B-F869589FF3DB}.Release|Any CPU.ActiveCfg = Release|Any CPU
		{66D2BB70-C6A1-429E-AD4B-F869589FF3DB}.Release|Any CPU.Build.0 = Release|Any CPU
	EndGlobalSection
	GlobalSection(SolutionProperties) = preSolution
		HideSolutionNode = FALSE
	EndGlobalSection
	GlobalSection(ExtensibilityGlobals) = postSolution
		SolutionGuid = {4866C0EE-45B5-49C8-BBCB-9AA5305BAA47}
	EndGlobalSection
EndGlobal
