
Microsoft Visual Studio Solution File, Format Version 12.00
# Visual Studio 15
VisualStudioVersion = 15.0.27428.2043
MinimumVisualStudioVersion = 10.0.40219.1
Project("{AFBF8E91-493B-406D-9FED-5DDA7F21D245}") = "GHZGame", "GHZGame.csproj", "{8C8A4A2B-99CC-4669-B2A6-FF75046F30A5}"
EndProject
Global
	GlobalSection(SolutionConfigurationPlatforms) = preSolution
		Debug|Any CPU = Debug|Any CPU
		Release|Any CPU = Release|Any CPU
	EndGlobalSection
	GlobalSection(ProjectConfigurationPlatforms) = postSolution
		{8C8A4A2B-99CC-4669-B2A6-FF75046F30A5}.Debug|Any CPU.ActiveCfg = Debug|Any CPU
		{8C8A4A2B-99CC-4669-B2A6-FF75046F30A5}.Debug|Any CPU.Build.0 = Debug|Any CPU
		{8C8A4A2B-99CC-4669-B2A6-FF75046F30A5}.Release|Any CPU.ActiveCfg = Release|Any CPU
		{8C8A4A2B-99CC-4669-B2A6-FF75046F30A5}.Release|Any CPU.Build.0 = Release|Any CPU
	EndGlobalSection
	GlobalSection(SolutionProperties) = preSolution
		HideSolutionNode = FALSE
	EndGlobalSection
	GlobalSection(ExtensibilityGlobals) = postSolution
		SolutionGuid = {638BD2DA-E2CE-4D23-B636-53501CA5DE05}
	EndGlobalSection
EndGlobal
