
Microsoft Visual Studio Solution File, Format Version 12.00
# Visual Studio Version 16
VisualStudioVersion = 16.0.28721.148
MinimumVisualStudioVersion = 10.0.40219.1
Project("{9A19103F-16F7-4668-BE54-9A1E7A4F7556}") = "Microsoft.Quantum.Katas", "Microsoft.Quantum.Katas.csproj", "{12AE1C9D-3A83-4CE2-8CBB-33ED5F4C28D1}"
EndProject
Project("{FAE04EC0-301F-11D3-BF4B-00C04F79EFBC}") = "Common", "..\Common\Common.csproj", "{A54E9F57-A233-4B43-A7C8-3F756B6C8789}"
EndProject
Global
	GlobalSection(SolutionConfigurationPlatforms) = preSolution
		Debug|Any CPU = Debug|Any CPU
		Release|Any CPU = Release|Any CPU
	EndGlobalSection
	GlobalSection(ProjectConfigurationPlatforms) = postSolution
		{12AE1C9D-3A83-4CE2-8CBB-33ED5F4C28D1}.Debug|Any CPU.ActiveCfg = Debug|Any CPU
		{12AE1C9D-3A83-4CE2-8CBB-33ED5F4C28D1}.Debug|Any CPU.Build.0 = Debug|Any CPU
		{12AE1C9D-3A83-4CE2-8CBB-33ED5F4C28D1}.Release|Any CPU.ActiveCfg = Release|Any CPU
		{12AE1C9D-3A83-4CE2-8CBB-33ED5F4C28D1}.Release|Any CPU.Build.0 = Release|Any CPU
		{A54E9F57-A233-4B43-A7C8-3F756B6C8789}.Debug|Any CPU.ActiveCfg = Debug|Any CPU
		{A54E9F57-A233-4B43-A7C8-3F756B6C8789}.Debug|Any CPU.Build.0 = Debug|Any CPU
		{A54E9F57-A233-4B43-A7C8-3F756B6C8789}.Release|Any CPU.ActiveCfg = Release|Any CPU
		{A54E9F57-A233-4B43-A7C8-3F756B6C8789}.Release|Any CPU.Build.0 = Release|Any CPU
	EndGlobalSection
	GlobalSection(SolutionProperties) = preSolution
		HideSolutionNode = FALSE
	EndGlobalSection
	GlobalSection(ExtensibilityGlobals) = postSolution
		SolutionGuid = {D8D183FE-4255-44CA-AA3E-408BD7E7B4FD}
	EndGlobalSection
EndGlobal
