
Microsoft Visual Studio Solution File, Format Version 12.00
# Visual Studio Version 16
VisualStudioVersion = 16.0.31112.23
MinimumVisualStudioVersion = 10.0.40219.1
Project("{9A19103F-16F7-4668-BE54-9A1E7A4F7556}") = "Prototype", "Prototype.csproj", "{7B12AC21-33D8-474E-B421-298B372AAD26}"
EndProject
Global
	GlobalSection(SolutionConfigurationPlatforms) = preSolution
		Debug|Any CPU = Debug|Any CPU
		Release|Any CPU = Release|Any CPU
	EndGlobalSection
	GlobalSection(ProjectConfigurationPlatforms) = postSolution
		{7B12AC21-33D8-474E-B421-298B372AAD26}.Debug|Any CPU.ActiveCfg = Debug|Any CPU
		{7B12AC21-33D8-474E-B421-298B372AAD26}.Debug|Any CPU.Build.0 = Debug|Any CPU
		{7B12AC21-33D8-474E-B421-298B372AAD26}.Release|Any CPU.ActiveCfg = Release|Any CPU
		{7B12AC21-33D8-474E-B421-298B372AAD26}.Release|Any CPU.Build.0 = Release|Any CPU
	EndGlobalSection
	GlobalSection(SolutionProperties) = preSolution
		HideSolutionNode = FALSE
	EndGlobalSection
	GlobalSection(ExtensibilityGlobals) = postSolution
		SolutionGuid = {43489712-C0A2-438B-900F-A034505041EA}
	EndGlobalSection
EndGlobal
