
Microsoft Visual Studio Solution File, Format Version 12.00
# Visual Studio Version 16
VisualStudioVersion = 16.0.29424.173
MinimumVisualStudioVersion = 10.0.40219.1
Project("{9A19103F-16F7-4668-BE54-9A1E7A4F7556}") = "DumpUnitary", "DumpUnitary.csproj", "{3C9C8FE0-2BF7-4D61-B8CF-1038F18FA4CD}"
EndProject
Project("{FAE04EC0-301F-11D3-BF4B-00C04F79EFBC}") = "DumpUnitaryTest", "..\DumpUnitaryTest\DumpUnitaryTest.csproj", "{BE055713-B374-4B79-B051-0A77B09DA46C}"
EndProject
Global
	GlobalSection(SolutionConfigurationPlatforms) = preSolution
		Debug|Any CPU = Debug|Any CPU
		Release|Any CPU = Release|Any CPU
	EndGlobalSection
	GlobalSection(ProjectConfigurationPlatforms) = postSolution
		{3C9C8FE0-2BF7-4D61-B8CF-1038F18FA4CD}.Debug|Any CPU.ActiveCfg = Debug|Any CPU
		{3C9C8FE0-2BF7-4D61-B8CF-1038F18FA4CD}.Debug|Any CPU.Build.0 = Debug|Any CPU
		{3C9C8FE0-2BF7-4D61-B8CF-1038F18FA4CD}.Release|Any CPU.ActiveCfg = Release|Any CPU
		{3C9C8FE0-2BF7-4D61-B8CF-1038F18FA4CD}.Release|Any CPU.Build.0 = Release|Any CPU
		{BE055713-B374-4B79-B051-0A77B09DA46C}.Debug|Any CPU.ActiveCfg = Debug|Any CPU
		{BE055713-B374-4B79-B051-0A77B09DA46C}.Debug|Any CPU.Build.0 = Debug|Any CPU
		{BE055713-B374-4B79-B051-0A77B09DA46C}.Release|Any CPU.ActiveCfg = Release|Any CPU
		{BE055713-B374-4B79-B051-0A77B09DA46C}.Release|Any CPU.Build.0 = Release|Any CPU
	EndGlobalSection
	GlobalSection(SolutionProperties) = preSolution
		HideSolutionNode = FALSE
	EndGlobalSection
	GlobalSection(ExtensibilityGlobals) = postSolution
		SolutionGuid = {8AA4DE96-4B44-46A3-AC24-C6A90CFB86D6}
	EndGlobalSection
EndGlobal
