
Microsoft Visual Studio Solution File, Format Version 12.00
# Visual Studio 15
VisualStudioVersion = 15.0.28307.645
MinimumVisualStudioVersion = 10.0.40219.1
Project("{9A19103F-16F7-4668-BE54-9A1E7A4F7556}") = "GraphColoring", "GraphColoring.csproj", "{79F6EC37-AF54-4CBF-94B6-497703536A06}"
EndProject
Global
	GlobalSection(SolutionConfigurationPlatforms) = preSolution
		Debug|Any CPU = Debug|Any CPU
		Release|Any CPU = Release|Any CPU
	EndGlobalSection
	GlobalSection(ProjectConfigurationPlatforms) = postSolution
		{79F6EC37-AF54-4CBF-94B6-497703536A06}.Debug|Any CPU.ActiveCfg = Debug|Any CPU
		{79F6EC37-AF54-4CBF-94B6-497703536A06}.Debug|Any CPU.Build.0 = Debug|Any CPU
		{79F6EC37-AF54-4CBF-94B6-497703536A06}.Release|Any CPU.ActiveCfg = Release|Any CPU
		{79F6EC37-AF54-4CBF-94B6-497703536A06}.Release|Any CPU.Build.0 = Release|Any CPU
	EndGlobalSection
	GlobalSection(SolutionProperties) = preSolution
		HideSolutionNode = FALSE
	EndGlobalSection
	GlobalSection(ExtensibilityGlobals) = postSolution
		SolutionGuid = {25683E2F-6DFF-41AF-9748-477003938E13}
	EndGlobalSection
EndGlobal
